
Microsoft Visual Studio Solution File, Format Version 12.00
# Visual Studio 14
VisualStudioVersion = 14.0.25420.1
MinimumVisualStudioVersion = 10.0.40219.1
Project("{FAE04EC0-301F-11D3-BF4B-00C04F79EFBC}") = "teamHvkBLL", "..\pdumaresq_B42_A03\hulkClassLibrary\teamHvkBLL\teamHvkBLL.csproj", "{964F9815-1072-46B4-A570-E72135A9CA93}"
EndProject
Project("{FAE04EC0-301F-11D3-BF4B-00C04F79EFBC}") = "hulkUnitTest", "..\pdumaresq_B42_A03\hulkClassLibrary\hulkUnitTest\hulkUnitTest.csproj", "{3E4873E8-76A8-4179-9C76-794AD2D01D8E}"
EndProject
Project("{FAE04EC0-301F-11D3-BF4B-00C04F79EFBC}") = "HulkHvkDB", "..\pdumaresq_B42_A03\hulkClassLibrary\HulkHvkDB\HulkHvkDB.csproj", "{C5515157-86A9-4101-8ABB-67FDA9F3500D}"
EndProject
Global
	GlobalSection(SolutionConfigurationPlatforms) = preSolution
		Debug|Any CPU = Debug|Any CPU
		Release|Any CPU = Release|Any CPU
	EndGlobalSection
	GlobalSection(ProjectConfigurationPlatforms) = postSolution
		{964F9815-1072-46B4-A570-E72135A9CA93}.Debug|Any CPU.ActiveCfg = Debug|Any CPU
		{964F9815-1072-46B4-A570-E72135A9CA93}.Debug|Any CPU.Build.0 = Debug|Any CPU
		{964F9815-1072-46B4-A570-E72135A9CA93}.Release|Any CPU.ActiveCfg = Release|Any CPU
		{964F9815-1072-46B4-A570-E72135A9CA93}.Release|Any CPU.Build.0 = Release|Any CPU
		{3E4873E8-76A8-4179-9C76-794AD2D01D8E}.Debug|Any CPU.ActiveCfg = Debug|Any CPU
		{3E4873E8-76A8-4179-9C76-794AD2D01D8E}.Debug|Any CPU.Build.0 = Debug|Any CPU
		{3E4873E8-76A8-4179-9C76-794AD2D01D8E}.Release|Any CPU.ActiveCfg = Release|Any CPU
		{3E4873E8-76A8-4179-9C76-794AD2D01D8E}.Release|Any CPU.Build.0 = Release|Any CPU
		{C5515157-86A9-4101-8ABB-67FDA9F3500D}.Debug|Any CPU.ActiveCfg = Debug|Any CPU
		{C5515157-86A9-4101-8ABB-67FDA9F3500D}.Debug|Any CPU.Build.0 = Debug|Any CPU
		{C5515157-86A9-4101-8ABB-67FDA9F3500D}.Release|Any CPU.ActiveCfg = Release|Any CPU
		{C5515157-86A9-4101-8ABB-67FDA9F3500D}.Release|Any CPU.Build.0 = Release|Any CPU
	EndGlobalSection
	GlobalSection(SolutionProperties) = preSolution
		HideSolutionNode = FALSE
	EndGlobalSection
	GlobalSection(TeamFoundationVersionControl) = preSolution
		SccNumberOfProjects = 4
		SccEnterpriseProvider = {4CA58AB2-18FA-4F8D-95D4-32DDF27D184C}
		SccTeamFoundationServer = http://cstfs.cegep-heritage.qc.ca:8080/tfs/c40finalassignment
		SccLocalPath0 = .
		SccProjectUniqueName1 = ..\\pdumaresq_B42_A03\\hulkClassLibrary\\teamHvkBLL\\teamHvkBLL.csproj
		SccProjectName1 = ../pdumaresq_B42_A03/hulkClassLibrary/teamHvkBLL
		SccLocalPath1 = ..\\pdumaresq_B42_A03\\hulkClassLibrary\\teamHvkBLL
		SccProjectUniqueName2 = ..\\pdumaresq_B42_A03\\hulkClassLibrary\\hulkUnitTest\\hulkUnitTest.csproj
		SccProjectName2 = ../pdumaresq_B42_A03/hulkClassLibrary/hulkUnitTest
		SccLocalPath2 = ..\\pdumaresq_B42_A03\\hulkClassLibrary\\hulkUnitTest
		SccProjectUniqueName3 = ..\\pdumaresq_B42_A03\\hulkClassLibrary\\HulkHvkDB\\HulkHvkDB.csproj
		SccProjectName3 = ../pdumaresq_B42_A03/hulkClassLibrary/HulkHvkDB
		SccLocalPath3 = ..\\pdumaresq_B42_A03\\hulkClassLibrary\\HulkHvkDB
	EndGlobalSection
EndGlobal
